
Microsoft Visual Studio Solution File, Format Version 12.00
# Visual Studio Version 16
VisualStudioVersion = 16.0.28803.352
MinimumVisualStudioVersion = 10.0.40219.1
Project("{FAE04EC0-301F-11D3-BF4B-00C04F79EFBC}") = "FileScript_Revamped", "FileScript_Revamped\FileScript_Revamped.csproj", "{4864AF76-A3C2-4670-A35C-42ED023F21D1}"
EndProject
Global
	GlobalSection(SolutionConfigurationPlatforms) = preSolution
		Debug|Any CPU = Debug|Any CPU
		Release|Any CPU = Release|Any CPU
	EndGlobalSection
	GlobalSection(ProjectConfigurationPlatforms) = postSolution
		{4864AF76-A3C2-4670-A35C-42ED023F21D1}.Debug|Any CPU.ActiveCfg = Debug|Any CPU
		{4864AF76-A3C2-4670-A35C-42ED023F21D1}.Debug|Any CPU.Build.0 = Debug|Any CPU
		{4864AF76-A3C2-4670-A35C-42ED023F21D1}.Release|Any CPU.ActiveCfg = Release|Any CPU
		{4864AF76-A3C2-4670-A35C-42ED023F21D1}.Release|Any CPU.Build.0 = Release|Any CPU
	EndGlobalSection
	GlobalSection(SolutionProperties) = preSolution
		HideSolutionNode = FALSE
	EndGlobalSection
	GlobalSection(ExtensibilityGlobals) = postSolution
		SolutionGuid = {E26BBBE8-8E31-4FB3-A7A8-46B77B98304B}
	EndGlobalSection
EndGlobal
